
Microsoft Visual Studio Solution File, Format Version 12.00
# Visual Studio Version 17
VisualStudioVersion = 17.1.32210.238
MinimumVisualStudioVersion = 10.0.40219.1
Project("{9A19103F-16F7-4668-BE54-9A1E7A4F7556}") = "MiageCorp.AwesomeShop.Product", "MiageCorp.AwesomeShop.Product\MiageCorp.AwesomeShop.Product.csproj", "{A2C257F0-0310-4F09-8F11-E9192DAE0D47}"
EndProject
Project("{9A19103F-16F7-4668-BE54-9A1E7A4F7556}") = "MiageCorp.AwesomeShop.Basket", "..\miage-2022\MiageCorp.AwesomeShop.Basket\MiageCorp.AwesomeShop.Basket\MiageCorp.AwesomeShop.Basket.csproj", "{81ED580D-07AE-4A46-A035-D9F218871060}"
EndProject
Global
	GlobalSection(SolutionConfigurationPlatforms) = preSolution
		Debug|Any CPU = Debug|Any CPU
		Release|Any CPU = Release|Any CPU
	EndGlobalSection
	GlobalSection(ProjectConfigurationPlatforms) = postSolution
		{A2C257F0-0310-4F09-8F11-E9192DAE0D47}.Debug|Any CPU.ActiveCfg = Debug|Any CPU
		{A2C257F0-0310-4F09-8F11-E9192DAE0D47}.Debug|Any CPU.Build.0 = Debug|Any CPU
		{A2C257F0-0310-4F09-8F11-E9192DAE0D47}.Release|Any CPU.ActiveCfg = Release|Any CPU
		{A2C257F0-0310-4F09-8F11-E9192DAE0D47}.Release|Any CPU.Build.0 = Release|Any CPU
		{81ED580D-07AE-4A46-A035-D9F218871060}.Debug|Any CPU.ActiveCfg = Debug|Any CPU
		{81ED580D-07AE-4A46-A035-D9F218871060}.Debug|Any CPU.Build.0 = Debug|Any CPU
		{81ED580D-07AE-4A46-A035-D9F218871060}.Release|Any CPU.ActiveCfg = Release|Any CPU
		{81ED580D-07AE-4A46-A035-D9F218871060}.Release|Any CPU.Build.0 = Release|Any CPU
	EndGlobalSection
	GlobalSection(SolutionProperties) = preSolution
		HideSolutionNode = FALSE
	EndGlobalSection
	GlobalSection(ExtensibilityGlobals) = postSolution
		SolutionGuid = {1FD39CEA-EA49-4E9E-BAFA-91E0AFCB1975}
	EndGlobalSection
EndGlobal
